
Microsoft Visual Studio Solution File, Format Version 12.00
# Visual Studio 15
VisualStudioVersion = 15.0.28307.757
MinimumVisualStudioVersion = 10.0.40219.1
Project("{FAE04EC0-301F-11D3-BF4B-00C04F79EFBC}") = "CarPark", "CarPark\CarPark.csproj", "{689AD6CB-D3E2-4918-9C6B-45EB59B042FD}"
EndProject
Global
	GlobalSection(SolutionConfigurationPlatforms) = preSolution
		Debug|Any CPU = Debug|Any CPU
		Release|Any CPU = Release|Any CPU
	EndGlobalSection
	GlobalSection(ProjectConfigurationPlatforms) = postSolution
		{689AD6CB-D3E2-4918-9C6B-45EB59B042FD}.Debug|Any CPU.ActiveCfg = Debug|Any CPU
		{689AD6CB-D3E2-4918-9C6B-45EB59B042FD}.Debug|Any CPU.Build.0 = Debug|Any CPU
		{689AD6CB-D3E2-4918-9C6B-45EB59B042FD}.Release|Any CPU.ActiveCfg = Release|Any CPU
		{689AD6CB-D3E2-4918-9C6B-45EB59B042FD}.Release|Any CPU.Build.0 = Release|Any CPU
	EndGlobalSection
	GlobalSection(SolutionProperties) = preSolution
		HideSolutionNode = FALSE
	EndGlobalSection
	GlobalSection(ExtensibilityGlobals) = postSolution
		SolutionGuid = {47196519-6218-41B2-AC5D-D835A0CC19C1}
	EndGlobalSection
EndGlobal
